Microsoft Visual Studio Solution File, Format Version 11.00
# Visual Studio 2008

Project("{3E121A51-CAE8-190E-581F-FCACCF7B4C3F}") = "space_shooter", "Assembly-CSharp.csproj", "{2D6D40A6-EB4C-AA94-F563-2C2FE5050EAD}"
EndProject
Project("{3E121A51-CAE8-190E-581F-FCACCF7B4C3F}") = "space_shooter", "Assembly-CSharp-Editor.csproj", "{C7712BC6-D0C3-7AF5-5B89-DB777D8CFF1A}"
EndProject
Global
	GlobalSection(SolutionConfigurationPlatforms) = preSolution
		Debug|Any CPU = Debug|Any CPU
		Release|Any CPU = Release|Any CPU
	EndGlobalSection
	GlobalSection(ProjectConfigurationPlatforms) = postSolution
		{2D6D40A6-EB4C-AA94-F563-2C2FE5050EAD}.Debug|Any CPU.ActiveCfg = Debug|Any CPU
		{2D6D40A6-EB4C-AA94-F563-2C2FE5050EAD}.Debug|Any CPU.Build.0 = Debug|Any CPU
		{2D6D40A6-EB4C-AA94-F563-2C2FE5050EAD}.Release|Any CPU.ActiveCfg = Release|Any CPU
		{2D6D40A6-EB4C-AA94-F563-2C2FE5050EAD}.Release|Any CPU.Build.0 = Release|Any CPU
		{C7712BC6-D0C3-7AF5-5B89-DB777D8CFF1A}.Debug|Any CPU.ActiveCfg = Debug|Any CPU
		{C7712BC6-D0C3-7AF5-5B89-DB777D8CFF1A}.Debug|Any CPU.Build.0 = Debug|Any CPU
		{C7712BC6-D0C3-7AF5-5B89-DB777D8CFF1A}.Release|Any CPU.ActiveCfg = Release|Any CPU
		{C7712BC6-D0C3-7AF5-5B89-DB777D8CFF1A}.Release|Any CPU.Build.0 = Release|Any CPU
	EndGlobalSection
	GlobalSection(SolutionProperties) = preSolution
		HideSolutionNode = FALSE
	EndGlobalSection
	GlobalSection(MonoDevelopProperties) = preSolution
		StartupItem = Assembly-CSharp.csproj
	EndGlobalSection
EndGlobal
